// !$*UTF8*$!
{
	archiveVersion = 1;
	classes = {
	};
	objectVersion = 56;
	objects = {

/* Begin PBXBuildFile section */
		AB3A0CD92994AA17004549BA /* Demo_macOS_ListSelectionsApp.swift in Sources */ = {isa = PBXBuildFile; fileRef = AB3A0CD82994AA17004549BA /* Demo_macOS_ListSelectionsApp.swift */; };
		AB3A0CDB2994AA17004549BA /* RootView.swift in Sources */ = {isa = PBXBuildFile; fileRef = AB3A0CDA2994AA17004549BA /* RootView.swift */; };
		AB3A0CDD2994AA18004549BA /* Assets.xcassets in Resources */ = {isa = PBXBuildFile; fileRef = AB3A0CDC2994AA18004549BA /* Assets.xcassets */; };
		AB3A0CE02994AA18004549BA /* Preview Assets.xcassets in Resources */ = {isa = PBXBuildFile; fileRef = AB3A0CDF2994AA18004549BA /* Preview Assets.xcassets */; };
		AB3A0CE82994AD8C004549BA /* ComposableArchitecture in Frameworks */ = {isa = PBXBuildFile; productRef = AB3A0CE72994AD8C004549BA /* ComposableArchitecture */; };
		AB3A0CF02994B043004549BA /* Store+.swift in Sources */ = {isa = PBXBuildFile; fileRef = AB3A0CEF2994B043004549BA /* Store+.swift */; };
		AB3A0CF62994B317004549BA /* AppReducer.swift in Sources */ = {isa = PBXBuildFile; fileRef = AB3A0CF42994B289004549BA /* AppReducer.swift */; };
		AB3A0CF82994B34C004549BA /* Sidebar.swift in Sources */ = {isa = PBXBuildFile; fileRef = AB3A0CF72994B34C004549BA /* Sidebar.swift */; };
		AB3A0CFA2994B367004549BA /* SidebarReducer.swift in Sources */ = {isa = PBXBuildFile; fileRef = AB3A0CF92994B367004549BA /* SidebarReducer.swift */; };
		AB3A0CFC2994B4E2004549BA /* ContentView.swift in Sources */ = {isa = PBXBuildFile; fileRef = AB3A0CFB2994B4E2004549BA /* ContentView.swift */; };
		AB3A0CFE2994B4F8004549BA /* ContentReducer.swift in Sources */ = {isa = PBXBuildFile; fileRef = AB3A0CFD2994B4F8004549BA /* ContentReducer.swift */; };
		AB3A0D002994B91A004549BA /* DetailView.swift in Sources */ = {isa = PBXBuildFile; fileRef = AB3A0CFF2994B91A004549BA /* DetailView.swift */; };
		AB3A0D022994B925004549BA /* DetailReducer.swift in Sources */ = {isa = PBXBuildFile; fileRef = AB3A0D012994B925004549BA /* DetailReducer.swift */; };
		AB3A0D042994C219004549BA /* Reducer+.swift in Sources */ = {isa = PBXBuildFile; fileRef = AB3A0D032994C219004549BA /* Reducer+.swift */; };
/* End PBXBuildFile section */

/* Begin PBXFileReference section */
		AB3A0CD52994AA17004549BA /* Demo_macOS_ListSelections.app */ = {isa = PBXFileReference; explicitFileType = wrapper.application; includeInIndex = 0; path = Demo_macOS_ListSelections.app; sourceTree = BUILT_PRODUCTS_DIR; };
		AB3A0CD82994AA17004549BA /* Demo_macOS_ListSelectionsApp.swift */ = {isa = PBXFileReference; lastKnownFileType = sourcecode.swift; path = Demo_macOS_ListSelectionsApp.swift; sourceTree = "<group>"; };
		AB3A0CDA2994AA17004549BA /* RootView.swift */ = {isa = PBXFileReference; lastKnownFileType = sourcecode.swift; path = RootView.swift; sourceTree = "<group>"; };
		AB3A0CDC2994AA18004549BA /* Assets.xcassets */ = {isa = PBXFileReference; lastKnownFileType = folder.assetcatalog; path = Assets.xcassets; sourceTree = "<group>"; };
		AB3A0CDF2994AA18004549BA /* Preview Assets.xcassets */ = {isa = PBXFileReference; lastKnownFileType = folder.assetcatalog; path = "Preview Assets.xcassets"; sourceTree = "<group>"; };
		AB3A0CEF2994B043004549BA /* Store+.swift */ = {isa = PBXFileReference; lastKnownFileType = sourcecode.swift; path = "Store+.swift"; sourceTree = "<group>"; };
		AB3A0CF42994B289004549BA /* AppReducer.swift */ = {isa = PBXFileReference; lastKnownFileType = sourcecode.swift; path = AppReducer.swift; sourceTree = "<group>"; };
		AB3A0CF72994B34C004549BA /* Sidebar.swift */ = {isa = PBXFileReference; lastKnownFileType = sourcecode.swift; path = Sidebar.swift; sourceTree = "<group>"; };
		AB3A0CF92994B367004549BA /* SidebarReducer.swift */ = {isa = PBXFileReference; lastKnownFileType = sourcecode.swift; path = SidebarReducer.swift; sourceTree = "<group>"; };
		AB3A0CFB2994B4E2004549BA /* ContentView.swift */ = {isa = PBXFileReference; lastKnownFileType = sourcecode.swift; path = ContentView.swift; sourceTree = "<group>"; };
		AB3A0CFD2994B4F8004549BA /* ContentReducer.swift */ = {isa = PBXFileReference; lastKnownFileType = sourcecode.swift; path = ContentReducer.swift; sourceTree = "<group>"; };
		AB3A0CFF2994B91A004549BA /* DetailView.swift */ = {isa = PBXFileReference; lastKnownFileType = sourcecode.swift; path = DetailView.swift; sourceTree = "<group>"; };
		AB3A0D012994B925004549BA /* DetailReducer.swift */ = {isa = PBXFileReference; lastKnownFileType = sourcecode.swift; path = DetailReducer.swift; sourceTree = "<group>"; };
		AB3A0D032994C219004549BA /* Reducer+.swift */ = {isa = PBXFileReference; lastKnownFileType = sourcecode.swift; path = "Reducer+.swift"; sourceTree = "<group>"; };
/* End PBXFileReference section */

/* Begin PBXFrameworksBuildPhase section */
		AB3A0CD22994AA17004549BA /* Frameworks */ = {
			isa = PBXFrameworksBuildPhase;
			buildActionMask = 2147483647;
			files = (
				AB3A0CE82994AD8C004549BA /* ComposableArchitecture in Frameworks */,
			);
			runOnlyForDeploymentPostprocessing = 0;
		};
/* End PBXFrameworksBuildPhase section */

/* Begin PBXGroup section */
		AB3A0CCC2994AA17004549BA = {
			isa = PBXGroup;
			children = (
				AB3A0CD72994AA17004549BA /* Demo_macOS_ListSelections */,
				AB3A0CD62994AA17004549BA /* Products */,
			);
			sourceTree = "<group>";
		};
		AB3A0CD62994AA17004549BA /* Products */ = {
			isa = PBXGroup;
			children = (
				AB3A0CD52994AA17004549BA /* Demo_macOS_ListSelections.app */,
			);
			name = Products;
			sourceTree = "<group>";
		};
		AB3A0CD72994AA17004549BA /* Demo_macOS_ListSelections */ = {
			isa = PBXGroup;
			children = (
				AB3A0CEA2994ADE7004549BA /* App */,
				AB3A0CED2994B034004549BA /* Tools */,
				AB3A0CF32994B27A004549BA /* DataFlow */,
				AB3A0CE92994ADC7004549BA /* Views */,
				AB3A0CDC2994AA18004549BA /* Assets.xcassets */,
				AB3A0CDE2994AA18004549BA /* Preview Content */,
			);
			path = Demo_macOS_ListSelections;
			sourceTree = "<group>";
		};
		AB3A0CDE2994AA18004549BA /* Preview Content */ = {
			isa = PBXGroup;
			children = (
				AB3A0CDF2994AA18004549BA /* Preview Assets.xcassets */,
			);
			path = "Preview Content";
			sourceTree = "<group>";
		};
		AB3A0CE92994ADC7004549BA /* Views */ = {
			isa = PBXGroup;
			children = (
				AB3A0CDA2994AA17004549BA /* RootView.swift */,
				AB3A0CF72994B34C004549BA /* Sidebar.swift */,
				AB3A0CFB2994B4E2004549BA /* ContentView.swift */,
				AB3A0CFF2994B91A004549BA /* DetailView.swift */,
			);
			path = Views;
			sourceTree = "<group>";
		};
		AB3A0CEA2994ADE7004549BA /* App */ = {
			isa = PBXGroup;
			children = (
				AB3A0CD82994AA17004549BA /* Demo_macOS_ListSelectionsApp.swift */,
			);
			path = App;
			sourceTree = "<group>";
		};
		AB3A0CED2994B034004549BA /* Tools */ = {
			isa = PBXGroup;
			children = (
				AB3A0CEE2994B039004549BA /* Extensions */,
			);
			path = Tools;
			sourceTree = "<group>";
		};
		AB3A0CEE2994B039004549BA /* Extensions */ = {
			isa = PBXGroup;
			children = (
				AB3A0CEF2994B043004549BA /* Store+.swift */,
				AB3A0D032994C219004549BA /* Reducer+.swift */,
			);
			path = Extensions;
			sourceTree = "<group>";
		};
		AB3A0CF32994B27A004549BA /* DataFlow */ = {
			isa = PBXGroup;
			children = (
				AB3A0CF42994B289004549BA /* AppReducer.swift */,
				AB3A0CF92994B367004549BA /* SidebarReducer.swift */,
				AB3A0CFD2994B4F8004549BA /* ContentReducer.swift */,
				AB3A0D012994B925004549BA /* DetailReducer.swift */,
			);
			path = DataFlow;
			sourceTree = "<group>";
		};
/* End PBXGroup section */

/* Begin PBXNativeTarget section */
		AB3A0CD42994AA17004549BA /* Demo_macOS_ListSelections */ = {
			isa = PBXNativeTarget;
			buildConfigurationList = AB3A0CE32994AA18004549BA /* Build configuration list for PBXNativeTarget "Demo_macOS_ListSelections" */;
			buildPhases = (
				AB3A0CD12994AA17004549BA /* Sources */,
				AB3A0CD22994AA17004549BA /* Frameworks */,
				AB3A0CD32994AA17004549BA /* Resources */,
			);
			buildRules = (
			);
			dependencies = (
			);
			name = Demo_macOS_ListSelections;
			packageProductDependencies = (
				AB3A0CE72994AD8C004549BA /* ComposableArchitecture */,
			);
			productName = Demo_macOS_ListSelections;
			productReference = AB3A0CD52994AA17004549BA /* Demo_macOS_ListSelections.app */;
			productType = "com.apple.product-type.application";
		};
/* End PBXNativeTarget section */

/* Begin PBXProject section */
		AB3A0CCD2994AA17004549BA /* Project object */ = {
			isa = PBXProject;
			attributes = {
				BuildIndependentTargetsInParallel = 1;
				LastSwiftUpdateCheck = 1420;
				LastUpgradeCheck = 1420;
				TargetAttributes = {
					AB3A0CD42994AA17004549BA = {
						CreatedOnToolsVersion = 14.2;
					};
				};
			};
			buildConfigurationList = AB3A0CD02994AA17004549BA /* Build configuration list for PBXProject "Demo_macOS_ListSelections" */;
			compatibilityVersion = "Xcode 14.0";
			developmentRegion = en;
			hasScannedForEncodings = 0;
			knownRegions = (
				en,
				Base,
			);
			mainGroup = AB3A0CCC2994AA17004549BA;
			packageReferences = (
				AB3A0CE62994AD8C004549BA /* XCRemoteSwiftPackageReference "swift-composable-architecture" */,
			);
			productRefGroup = AB3A0CD62994AA17004549BA /* Products */;
			projectDirPath = "";
			projectRoot = "";
			targets = (
				AB3A0CD42994AA17004549BA /* Demo_macOS_ListSelections */,
			);
		};
/* End PBXProject section */

/* Begin PBXResourcesBuildPhase section */
		AB3A0CD32994AA17004549BA /* Resources */ = {
			isa = PBXResourcesBuildPhase;
			buildActionMask = 2147483647;
			files = (
				AB3A0CE02994AA18004549BA /* Preview Assets.xcassets in Resources */,
				AB3A0CDD2994AA18004549BA /* Assets.xcassets in Resources */,
			);
			runOnlyForDeploymentPostprocessing = 0;
		};
/* End PBXResourcesBuildPhase section */

/* Begin PBXSourcesBuildPhase section */
		AB3A0CD12994AA17004549BA /* Sources */ = {
			isa = PBXSourcesBuildPhase;
			buildActionMask = 2147483647;
			files = (
				AB3A0CF82994B34C004549BA /* Sidebar.swift in Sources */,
				AB3A0D002994B91A004549BA /* DetailView.swift in Sources */,
				AB3A0D042994C219004549BA /* Reducer+.swift in Sources */,
				AB3A0CDB2994AA17004549BA /* RootView.swift in Sources */,
				AB3A0CFC2994B4E2004549BA /* ContentView.swift in Sources */,
				AB3A0CD92994AA17004549BA /* Demo_macOS_ListSelectionsApp.swift in Sources */,
				AB3A0CFE2994B4F8004549BA /* ContentReducer.swift in Sources */,
				AB3A0CF62994B317004549BA /* AppReducer.swift in Sources */,
				AB3A0CF02994B043004549BA /* Store+.swift in Sources */,
				AB3A0CFA2994B367004549BA /* SidebarReducer.swift in Sources */,
				AB3A0D022994B925004549BA /* DetailReducer.swift in Sources */,
			);
			runOnlyForDeploymentPostprocessing = 0;
		};
/* End PBXSourcesBuildPhase section */

/* Begin XCBuildConfiguration section */
		AB3A0CE12994AA18004549BA /* Debug */ = {
			isa = XCBuildConfiguration;
			buildSettings = {
				ALWAYS_SEARCH_USER_PATHS = NO;
				CLANG_ANALYZER_NONNULL = YES;
				CLANG_ANALYZER_NUMBER_OBJECT_CONVERSION = YES_AGGRESSIVE;
				CLANG_CXX_LANGUAGE_STANDARD = "gnu++20";
				CLANG_ENABLE_MODULES = YES;
				CLANG_ENABLE_OBJC_ARC = YES;
				CLANG_ENABLE_OBJC_WEAK = YES;
				CLANG_WARN_BLOCK_CAPTURE_AUTORELEASING = YES;
				CLANG_WARN_BOOL_CONVERSION = YES;
				CLANG_WARN_COMMA = YES;
				CLANG_WARN_CONSTANT_CONVERSION = YES;
				CLANG_WARN_DEPRECATED_OBJC_IMPLEMENTATIONS = YES;
				CLANG_WARN_DIRECT_OBJC_ISA_USAGE = YES_ERROR;
				CLANG_WARN_DOCUMENTATION_COMMENTS = YES;
				CLANG_WARN_EMPTY_BODY = YES;
				CLANG_WARN_ENUM_CONVERSION = YES;
				CLANG_WARN_INFINITE_RECURSION = YES;
				CLANG_WARN_INT_CONVERSION = YES;
				CLANG_WARN_NON_LITERAL_NULL_CONVERSION = YES;
				CLANG_WARN_OBJC_IMPLICIT_RETAIN_SELF = YES;
				CLANG_WARN_OBJC_LITERAL_CONVERSION = YES;
				CLANG_WARN_OBJC_ROOT_CLASS = YES_ERROR;
				CLANG_WARN_QUOTED_INCLUDE_IN_FRAMEWORK_HEADER = YES;
				CLANG_WARN_RANGE_LOOP_ANALYSIS = YES;
				CLANG_WARN_STRICT_PROTOTYPES = YES;
				CLANG_WARN_SUSPICIOUS_MOVE = YES;
				CLANG_WARN_UNGUARDED_AVAILABILITY = YES_AGGRESSIVE;
				CLANG_WARN_UNREACHABLE_CODE = YES;
				CLANG_WARN__DUPLICATE_METHOD_MATCH = YES;
				COPY_PHASE_STRIP = NO;
				DEBUG_INFORMATION_FORMAT = dwarf;
				ENABLE_STRICT_OBJC_MSGSEND = YES;
				ENABLE_TESTABILITY = YES;
				GCC_C_LANGUAGE_STANDARD = gnu11;
				GCC_DYNAMIC_NO_PIC = NO;
				GCC_NO_COMMON_BLOCKS = YES;
				GCC_OPTIMIZATION_LEVEL = 0;
				GCC_PREPROCESSOR_DEFINITIONS = (
					"DEBUG=1",
					"$(inherited)",
				);
				GCC_WARN_64_TO_32_BIT_CONVERSION = YES;
				GCC_WARN_ABOUT_RETURN_TYPE = YES_ERROR;
				GCC_WARN_UNDECLARED_SELECTOR = YES;
				GCC_WARN_UNINITIALIZED_AUTOS = YES_AGGRESSIVE;
				GCC_WARN_UNUSED_FUNCTION = YES;
				GCC_WARN_UNUSED_VARIABLE = YES;
				IPHONEOS_DEPLOYMENT_TARGET = 16.2;
				MTL_ENABLE_DEBUG_INFO = INCLUDE_SOURCE;
				MTL_FAST_MATH = YES;
				ONLY_ACTIVE_ARCH = YES;
				SDKROOT = iphoneos;
				SWIFT_ACTIVE_COMPILATION_CONDITIONS = DEBUG;
				SWIFT_OPTIMIZATION_LEVEL = "-Onone";
			};
			name = Debug;
		};
		AB3A0CE22994AA18004549BA /* Release */ = {
			isa = XCBuildConfiguration;
			buildSettings = {
				ALWAYS_SEARCH_USER_PATHS = NO;
				CLANG_ANALYZER_NONNULL = YES;
				CLANG_ANALYZER_NUMBER_OBJECT_CONVERSION = YES_AGGRESSIVE;
				CLANG_CXX_LANGUAGE_STANDARD = "gnu++20";
				CLANG_ENABLE_MODULES = YES;
				CLANG_ENABLE_OBJC_ARC = YES;
				CLANG_ENABLE_OBJC_WEAK = YES;
				CLANG_WARN_BLOCK_CAPTURE_AUTORELEASING = YES;
				CLANG_WARN_BOOL_CONVERSION = YES;
				CLANG_WARN_COMMA = YES;
				CLANG_WARN_CONSTANT_CONVERSION = YES;
				CLANG_WARN_DEPRECATED_OBJC_IMPLEMENTATIONS = YES;
				CLANG_WARN_DIRECT_OBJC_ISA_USAGE = YES_ERROR;
				CLANG_WARN_DOCUMENTATION_COMMENTS = YES;
				CLANG_WARN_EMPTY_BODY = YES;
				CLANG_WARN_ENUM_CONVERSION = YES;
				CLANG_WARN_INFINITE_RECURSION = YES;
				CLANG_WARN_INT_CONVERSION = YES;
				CLANG_WARN_NON_LITERAL_NULL_CONVERSION = YES;
				CLANG_WARN_OBJC_IMPLICIT_RETAIN_SELF = YES;
				CLANG_WARN_OBJC_LITERAL_CONVERSION = YES;
				CLANG_WARN_OBJC_ROOT_CLASS = YES_ERROR;
				CLANG_WARN_QUOTED_INCLUDE_IN_FRAMEWORK_HEADER = YES;
				CLANG_WARN_RANGE_LOOP_ANALYSIS = YES;
				CLANG_WARN_STRICT_PROTOTYPES = YES;
				CLANG_WARN_SUSPICIOUS_MOVE = YES;
				CLANG_WARN_UNGUARDED_AVAILABILITY = YES_AGGRESSIVE;
				CLANG_WARN_UNREACHABLE_CODE = YES;
				CLANG_WARN__DUPLICATE_METHOD_MATCH = YES;
				COPY_PHASE_STRIP = NO;
				DEBUG_INFORMATION_FORMAT = "dwarf-with-dsym";
				ENABLE_NS_ASSERTIONS = NO;
				ENABLE_STRICT_OBJC_MSGSEND = YES;
				GCC_C_LANGUAGE_STANDARD = gnu11;
				GCC_NO_COMMON_BLOCKS = YES;
				GCC_WARN_64_TO_32_BIT_CONVERSION = YES;
				GCC_WARN_ABOUT_RETURN_TYPE = YES_ERROR;
				GCC_WARN_UNDECLARED_SELECTOR = YES;
				GCC_WARN_UNINITIALIZED_AUTOS = YES_AGGRESSIVE;
				GCC_WARN_UNUSED_FUNCTION = YES;
				GCC_WARN_UNUSED_VARIABLE = YES;
				IPHONEOS_DEPLOYMENT_TARGET = 16.2;
				MTL_ENABLE_DEBUG_INFO = NO;
				MTL_FAST_MATH = YES;
				SDKROOT = iphoneos;
				SWIFT_COMPILATION_MODE = wholemodule;
				SWIFT_OPTIMIZATION_LEVEL = "-O";
				VALIDATE_PRODUCT = YES;
			};
			name = Release;
		};
		AB3A0CE42994AA18004549BA /* Debug */ = {
			isa = XCBuildConfiguration;
			buildSettings = {
				ASSETCATALOG_COMPILER_APPICON_NAME = AppIcon;
				ASSETCATALOG_COMPILER_GLOBAL_ACCENT_COLOR_NAME = AccentColor;
				CODE_SIGN_STYLE = Automatic;
				CURRENT_PROJECT_VERSION = 1;
				DEVELOPMENT_ASSET_PATHS = "\"Demo_macOS_ListSelections/Preview Content\"";
				DEVELOPMENT_TEAM = MMC6JC4AF7;
				ENABLE_PREVIEWS = YES;
				GENERATE_INFOPLIST_FILE = YES;
				INFOPLIST_KEY_UIApplicationSceneManifest_Generation = YES;
				INFOPLIST_KEY_UIApplicationSupportsIndirectInputEvents = YES;
				INFOPLIST_KEY_UILaunchScreen_Generation = YES;
				INFOPLIST_KEY_UISupportedInterfaceOrientations_iPad = "UIInterfaceOrientationPortrait UIInterfaceOrientationPortraitUpsideDown UIInterfaceOrientationLandscapeLeft UIInterfaceOrientationLandscapeRight";
				INFOPLIST_KEY_UISupportedInterfaceOrientations_iPhone = "UIInterfaceOrientationPortrait UIInterfaceOrientationLandscapeLeft UIInterfaceOrientationLandscapeRight";
				LD_RUNPATH_SEARCH_PATHS = (
					"$(inherited)",
					"@executable_path/Frameworks",
				);
				MARKETING_VERSION = 1.0;
				PRODUCT_BUNDLE_IDENTIFIER = "app.Demo-macOS-ListSelections";
				PRODUCT_NAME = "$(TARGET_NAME)";
				SUPPORTED_PLATFORMS = macosx;
				SUPPORTS_MACCATALYST = NO;
				SUPPORTS_MAC_DESIGNED_FOR_IPHONE_IPAD = NO;
				SWIFT_EMIT_LOC_STRINGS = YES;
				SWIFT_VERSION = 5.0;
			};
			name = Debug;
		};
		AB3A0CE52994AA18004549BA /* Release */ = {
			isa = XCBuildConfiguration;
			buildSettings = {
				ASSETCATALOG_COMPILER_APPICON_NAME = AppIcon;
				ASSETCATALOG_COMPILER_GLOBAL_ACCENT_COLOR_NAME = AccentColor;
				CODE_SIGN_STYLE = Automatic;
				CURRENT_PROJECT_VERSION = 1;
				DEVELOPMENT_ASSET_PATHS = "\"Demo_macOS_ListSelections/Preview Content\"";
				DEVELOPMENT_TEAM = MMC6JC4AF7;
				ENABLE_PREVIEWS = YES;
				GENERATE_INFOPLIST_FILE = YES;
				INFOPLIST_KEY_UIApplicationSceneManifest_Generation = YES;
				INFOPLIST_KEY_UIApplicationSupportsIndirectInputEvents = YES;
				INFOPLIST_KEY_UILaunchScreen_Generation = YES;
				INFOPLIST_KEY_UISupportedInterfaceOrientations_iPad = "UIInterfaceOrientationPortrait UIInterfaceOrientationPortraitUpsideDown UIInterfaceOrientationLandscapeLeft UIInterfaceOrientationLandscapeRight";
				INFOPLIST_KEY_UISupportedInterfaceOrientations_iPhone = "UIInterfaceOrientationPortrait UIInterfaceOrientationLandscapeLeft UIInterfaceOrientationLandscapeRight";
				LD_RUNPATH_SEARCH_PATHS = (
					"$(inherited)",
					"@executable_path/Frameworks",
				);
				MARKETING_VERSION = 1.0;
				PRODUCT_BUNDLE_IDENTIFIER = "app.Demo-macOS-ListSelections";
				PRODUCT_NAME = "$(TARGET_NAME)";
				SUPPORTED_PLATFORMS = macosx;
				SUPPORTS_MACCATALYST = NO;
				SUPPORTS_MAC_DESIGNED_FOR_IPHONE_IPAD = NO;
				SWIFT_EMIT_LOC_STRINGS = YES;
				SWIFT_VERSION = 5.0;
			};
			name = Release;
		};
/* End XCBuildConfiguration section */

/* Begin XCConfigurationList section */
		AB3A0CD02994AA17004549BA /* Build configuration list for PBXProject "Demo_macOS_ListSelections" */ = {
			isa = XCConfigurationList;
			buildConfigurations = (
				AB3A0CE12994AA18004549BA /* Debug */,
				AB3A0CE22994AA18004549BA /* Release */,
			);
			defaultConfigurationIsVisible = 0;
			defaultConfigurationName = Release;
		};
		AB3A0CE32994AA18004549BA /* Build configuration list for PBXNativeTarget "Demo_macOS_ListSelections" */ = {
			isa = XCConfigurationList;
			buildConfigurations = (
				AB3A0CE42994AA18004549BA /* Debug */,
				AB3A0CE52994AA18004549BA /* Release */,
			);
			defaultConfigurationIsVisible = 0;
			defaultConfigurationName = Release;
		};
/* End XCConfigurationList section */

/* Begin XCRemoteSwiftPackageReference section */
		AB3A0CE62994AD8C004549BA /* XCRemoteSwiftPackageReference "swift-composable-architecture" */ = {
			isa = XCRemoteSwiftPackageReference;
			repositoryURL = "https://github.com/pointfreeco/swift-composable-architecture.git";
			requirement = {
				kind = upToNextMajorVersion;
				minimumVersion = 0.0.0;
			};
		};
/* End XCRemoteSwiftPackageReference section */

/* Begin XCSwiftPackageProductDependency section */
		AB3A0CE72994AD8C004549BA /* ComposableArchitecture */ = {
			isa = XCSwiftPackageProductDependency;
			package = AB3A0CE62994AD8C004549BA /* XCRemoteSwiftPackageReference "swift-composable-architecture" */;
			productName = ComposableArchitecture;
		};
/* End XCSwiftPackageProductDependency section */
	};
	rootObject = AB3A0CCD2994AA17004549BA /* Project object */;
}
